
Microsoft Visual Studio Solution File, Format Version 12.00
Project("{FAE04EC0-301F-11D3-BF4B-00C04F79EFBC}") = "VehiclesFleet", "VehiclesFleet\VehiclesFleet.csproj", "{28937C67-5FEC-4A87-ADB1-A5AE924EA61D}"
EndProject
Project("{FAE04EC0-301F-11D3-BF4B-00C04F79EFBC}") = "VehiclesFleet.DI", "VehiclesFleet.DI\VehiclesFleet.DI.csproj", "{A6D582BF-A815-4010-B037-4D2636F713FA}"
EndProject
Project("{FAE04EC0-301F-11D3-BF4B-00C04F79EFBC}") = "VehiclesFleet.Services", "VehiclesFleet.Services\VehiclesFleet.Services.csproj", "{F9A120F0-DEEA-4C42-BA6D-EC83493B8093}"
EndProject
Project("{FAE04EC0-301F-11D3-BF4B-00C04F79EFBC}") = "VehiclesFleet.Domain", "VehiclesFleet.Domain\VehiclesFleet.Domain.csproj", "{A87C2675-0940-4086-88C7-1756E50E696F}"
EndProject
Project("{FAE04EC0-301F-11D3-BF4B-00C04F79EFBC}") = "VehiclesFleet.Settings", "VehiclesFleet.Settings\VehiclesFleet.Settings.csproj", "{7CC72057-317B-4422-B936-72F135F8ADD0}"
EndProject
Project("{FAE04EC0-301F-11D3-BF4B-00C04F79EFBC}") = "VehiclesFleet.DataAccess", "VehiclesFleet.DataAccess\VehiclesFleet.DataAccess.csproj", "{B7AB4BE0-3528-481D-ABCC-9FE403D272A8}"
EndProject
Global
	GlobalSection(SolutionConfigurationPlatforms) = preSolution
		Debug|Any CPU = Debug|Any CPU
		Release|Any CPU = Release|Any CPU
	EndGlobalSection
	GlobalSection(ProjectConfigurationPlatforms) = postSolution
		{28937C67-5FEC-4A87-ADB1-A5AE924EA61D}.Debug|Any CPU.ActiveCfg = Debug|Any CPU
		{28937C67-5FEC-4A87-ADB1-A5AE924EA61D}.Debug|Any CPU.Build.0 = Debug|Any CPU
		{28937C67-5FEC-4A87-ADB1-A5AE924EA61D}.Release|Any CPU.ActiveCfg = Release|Any CPU
		{28937C67-5FEC-4A87-ADB1-A5AE924EA61D}.Release|Any CPU.Build.0 = Release|Any CPU
		{A6D582BF-A815-4010-B037-4D2636F713FA}.Debug|Any CPU.ActiveCfg = Debug|Any CPU
		{A6D582BF-A815-4010-B037-4D2636F713FA}.Debug|Any CPU.Build.0 = Debug|Any CPU
		{A6D582BF-A815-4010-B037-4D2636F713FA}.Release|Any CPU.ActiveCfg = Release|Any CPU
		{A6D582BF-A815-4010-B037-4D2636F713FA}.Release|Any CPU.Build.0 = Release|Any CPU
		{F9A120F0-DEEA-4C42-BA6D-EC83493B8093}.Debug|Any CPU.ActiveCfg = Debug|Any CPU
		{F9A120F0-DEEA-4C42-BA6D-EC83493B8093}.Debug|Any CPU.Build.0 = Debug|Any CPU
		{F9A120F0-DEEA-4C42-BA6D-EC83493B8093}.Release|Any CPU.ActiveCfg = Release|Any CPU
		{F9A120F0-DEEA-4C42-BA6D-EC83493B8093}.Release|Any CPU.Build.0 = Release|Any CPU
		{A87C2675-0940-4086-88C7-1756E50E696F}.Debug|Any CPU.ActiveCfg = Debug|Any CPU
		{A87C2675-0940-4086-88C7-1756E50E696F}.Debug|Any CPU.Build.0 = Debug|Any CPU
		{A87C2675-0940-4086-88C7-1756E50E696F}.Release|Any CPU.ActiveCfg = Release|Any CPU
		{A87C2675-0940-4086-88C7-1756E50E696F}.Release|Any CPU.Build.0 = Release|Any CPU
		{7CC72057-317B-4422-B936-72F135F8ADD0}.Debug|Any CPU.ActiveCfg = Debug|Any CPU
		{7CC72057-317B-4422-B936-72F135F8ADD0}.Debug|Any CPU.Build.0 = Debug|Any CPU
		{7CC72057-317B-4422-B936-72F135F8ADD0}.Release|Any CPU.ActiveCfg = Release|Any CPU
		{7CC72057-317B-4422-B936-72F135F8ADD0}.Release|Any CPU.Build.0 = Release|Any CPU
		{B7AB4BE0-3528-481D-ABCC-9FE403D272A8}.Debug|Any CPU.ActiveCfg = Debug|Any CPU
		{B7AB4BE0-3528-481D-ABCC-9FE403D272A8}.Debug|Any CPU.Build.0 = Debug|Any CPU
		{B7AB4BE0-3528-481D-ABCC-9FE403D272A8}.Release|Any CPU.ActiveCfg = Release|Any CPU
		{B7AB4BE0-3528-481D-ABCC-9FE403D272A8}.Release|Any CPU.Build.0 = Release|Any CPU
	EndGlobalSection
EndGlobal
